
Microsoft Visual Studio Solution File, Format Version 12.00
# Visual Studio 15
VisualStudioVersion = 15.0.27004.2002
MinimumVisualStudioVersion = 10.0.40219.1
Project("{F184B08F-C81C-45F6-A57F-5ABD9991F28F}") = "graphpic2csv", "graphpic2csv\graphpic2csv.vbproj", "{1A83FF37-D7F1-4930-9970-D5421E503A24}"
EndProject
Global
	GlobalSection(SolutionConfigurationPlatforms) = preSolution
		Debug|Any CPU = Debug|Any CPU
		Release|Any CPU = Release|Any CPU
	EndGlobalSection
	GlobalSection(ProjectConfigurationPlatforms) = postSolution
		{1A83FF37-D7F1-4930-9970-D5421E503A24}.Debug|Any CPU.ActiveCfg = Debug|Any CPU
		{1A83FF37-D7F1-4930-9970-D5421E503A24}.Debug|Any CPU.Build.0 = Debug|Any CPU
		{1A83FF37-D7F1-4930-9970-D5421E503A24}.Release|Any CPU.ActiveCfg = Release|Any CPU
		{1A83FF37-D7F1-4930-9970-D5421E503A24}.Release|Any CPU.Build.0 = Release|Any CPU
	EndGlobalSection
	GlobalSection(SolutionProperties) = preSolution
		HideSolutionNode = FALSE
	EndGlobalSection
	GlobalSection(ExtensibilityGlobals) = postSolution
		SolutionGuid = {D8E0C5C4-CCE1-4778-8EF3-811D5D752B91}
	EndGlobalSection
EndGlobal
